
Microsoft Visual Studio Solution File, Format Version 12.00
# Visual Studio Version 16
VisualStudioVersion = 16.0.30225.117
MinimumVisualStudioVersion = 10.0.40219.1
Project("{8BC9CEB8-8B4A-11D0-8D11-00A0C91BC942}") = "cuda_mat", "cuda_mat\cuda_mat.vcxproj", "{FC0B94E6-22B8-46A0-ADDF-158AACF83701}"
EndProject
Global
	GlobalSection(SolutionConfigurationPlatforms) = preSolution
		Debug|x64 = Debug|x64
		Release|x64 = Release|x64
	EndGlobalSection
	GlobalSection(ProjectConfigurationPlatforms) = postSolution
		{FC0B94E6-22B8-46A0-ADDF-158AACF83701}.Debug|x64.ActiveCfg = Debug|x64
		{FC0B94E6-22B8-46A0-ADDF-158AACF83701}.Debug|x64.Build.0 = Debug|x64
		{FC0B94E6-22B8-46A0-ADDF-158AACF83701}.Release|x64.ActiveCfg = Release|x64
		{FC0B94E6-22B8-46A0-ADDF-158AACF83701}.Release|x64.Build.0 = Release|x64
	EndGlobalSection
	GlobalSection(SolutionProperties) = preSolution
		HideSolutionNode = FALSE
	EndGlobalSection
	GlobalSection(ExtensibilityGlobals) = postSolution
		SolutionGuid = {BE6160C3-FDDE-4088-B990-7438B06BFC50}
	EndGlobalSection
EndGlobal
